Microsoft Visual Studio Solution File, Format Version 11.00
# Visual Studio 2008

Project("{BCD7882E-DE63-6B68-4E1D-F2ADAC63C1FB}") = "MyFirstProj", "Assembly-CSharp-firstpass.csproj", "{7DC01EE3-FDC3-5C4E-0FAD-8DB5F4A95E30}"
EndProject
Project("{BCD7882E-DE63-6B68-4E1D-F2ADAC63C1FB}") = "MyFirstProj", "Assembly-CSharp.csproj", "{C1F97C32-5CB7-AED4-4A7A-858DB5D06602}"
EndProject
Project("{BCD7882E-DE63-6B68-4E1D-F2ADAC63C1FB}") = "MyFirstProj", "Assembly-CSharp-Editor.csproj", "{03EF964F-4A4B-093F-9D5F-C30BDDBD71CB}"
EndProject
Global
	GlobalSection(SolutionConfigurationPlatforms) = preSolution
		Debug|Any CPU = Debug|Any CPU
		Release|Any CPU = Release|Any CPU
	EndGlobalSection
	GlobalSection(ProjectConfigurationPlatforms) = postSolution
		{7DC01EE3-FDC3-5C4E-0FAD-8DB5F4A95E30}.Debug|Any CPU.ActiveCfg = Debug|Any CPU
		{7DC01EE3-FDC3-5C4E-0FAD-8DB5F4A95E30}.Debug|Any CPU.Build.0 = Debug|Any CPU
		{7DC01EE3-FDC3-5C4E-0FAD-8DB5F4A95E30}.Release|Any CPU.ActiveCfg = Release|Any CPU
		{7DC01EE3-FDC3-5C4E-0FAD-8DB5F4A95E30}.Release|Any CPU.Build.0 = Release|Any CPU
		{C1F97C32-5CB7-AED4-4A7A-858DB5D06602}.Debug|Any CPU.ActiveCfg = Debug|Any CPU
		{C1F97C32-5CB7-AED4-4A7A-858DB5D06602}.Debug|Any CPU.Build.0 = Debug|Any CPU
		{C1F97C32-5CB7-AED4-4A7A-858DB5D06602}.Release|Any CPU.ActiveCfg = Release|Any CPU
		{C1F97C32-5CB7-AED4-4A7A-858DB5D06602}.Release|Any CPU.Build.0 = Release|Any CPU
		{03EF964F-4A4B-093F-9D5F-C30BDDBD71CB}.Debug|Any CPU.ActiveCfg = Debug|Any CPU
		{03EF964F-4A4B-093F-9D5F-C30BDDBD71CB}.Debug|Any CPU.Build.0 = Debug|Any CPU
		{03EF964F-4A4B-093F-9D5F-C30BDDBD71CB}.Release|Any CPU.ActiveCfg = Release|Any CPU
		{03EF964F-4A4B-093F-9D5F-C30BDDBD71CB}.Release|Any CPU.Build.0 = Release|Any CPU
	EndGlobalSection
	GlobalSection(SolutionProperties) = preSolution
		HideSolutionNode = FALSE
	EndGlobalSection
	GlobalSection(MonoDevelopProperties) = preSolution
		StartupItem = Assembly-CSharp.csproj
	EndGlobalSection
EndGlobal
